Microsoft Visual Studio Solution File, Format Version 12.00
# Visual Studio Version 17
VisualStudioVersion = 17.5.2.0
MinimumVisualStudioVersion = 10.0.40219.1
Project("{FAE04EC0-301F-11D3-BF4B-00C04F79EFBC}") = "realCabinly", "realCabinly.csproj", "{02E0FFF3-84AE-F8FE-AF92-CE83FADE1E1B}"
EndProject
Global
	GlobalSection(SolutionConfigurationPlatforms) = preSolution
		Debug|Any CPU = Debug|Any CPU
		Release|Any CPU = Release|Any CPU
	EndGlobalSection
	GlobalSection(ProjectConfigurationPlatforms) = postSolution
		{02E0FFF3-84AE-F8FE-AF92-CE83FADE1E1B}.Debug|Any CPU.ActiveCfg = Debug|Any CPU
		{02E0FFF3-84AE-F8FE-AF92-CE83FADE1E1B}.Debug|Any CPU.Build.0 = Debug|Any CPU
		{02E0FFF3-84AE-F8FE-AF92-CE83FADE1E1B}.Release|Any CPU.ActiveCfg = Release|Any CPU
		{02E0FFF3-84AE-F8FE-AF92-CE83FADE1E1B}.Release|Any CPU.Build.0 = Release|Any CPU
	EndGlobalSection
	GlobalSection(SolutionProperties) = preSolution
		HideSolutionNode = FALSE
	EndGlobalSection
	GlobalSection(ExtensibilityGlobals) = postSolution
		SolutionGuid = {DEDB2F06-42DD-4296-B09F-05AA162D2146}
	EndGlobalSection
EndGlobal
